
Microsoft Visual Studio Solution File, Format Version 12.00
# Visual Studio for Mac
Project("{FAE04EC0-301F-11D3-BF4B-00C04F79EFBC}") = "TensorFlowUnity-ImageClassification", "Assembly-CSharp.csproj", "{B64578A0-E425-43F0-DB52-323855DE6D94}"
EndProject
Project("{FAE04EC0-301F-11D3-BF4B-00C04F79EFBC}") = "TensorFlowUnity-ImageClassification", "Assembly-CSharp-Editor.csproj", "{43B49452-1679-EE73-3476-05264A79BDE5}"
EndProject
Global
	GlobalSection(SolutionConfigurationPlatforms) = preSolution
		Debug|Any CPU = Debug|Any CPU
		Release|Any CPU = Release|Any CPU
	EndGlobalSection
	GlobalSection(ProjectConfigurationPlatforms) = postSolution
		{B64578A0-E425-43F0-DB52-323855DE6D94}.Debug|Any CPU.ActiveCfg = Debug|Any CPU
		{B64578A0-E425-43F0-DB52-323855DE6D94}.Debug|Any CPU.Build.0 = Debug|Any CPU
		{B64578A0-E425-43F0-DB52-323855DE6D94}.Release|Any CPU.ActiveCfg = Release|Any CPU
		{B64578A0-E425-43F0-DB52-323855DE6D94}.Release|Any CPU.Build.0 = Release|Any CPU
		{43B49452-1679-EE73-3476-05264A79BDE5}.Debug|Any CPU.ActiveCfg = Debug|Any CPU
		{43B49452-1679-EE73-3476-05264A79BDE5}.Debug|Any CPU.Build.0 = Debug|Any CPU
		{43B49452-1679-EE73-3476-05264A79BDE5}.Release|Any CPU.ActiveCfg = Release|Any CPU
		{43B49452-1679-EE73-3476-05264A79BDE5}.Release|Any CPU.Build.0 = Release|Any CPU
	EndGlobalSection
	GlobalSection(SolutionProperties) = preSolution
		HideSolutionNode = FALSE
	EndGlobalSection
EndGlobal
